
Microsoft Visual Studio Solution File, Format Version 12.00
# Visual Studio 15
VisualStudioVersion = 15.0.28307.1062
MinimumVisualStudioVersion = 10.0.40219.1
Project("{FAE04EC0-301F-11D3-BF4B-00C04F79EFBC}") = "Agenda", "Agenda\Agenda.csproj", "{B2F2857A-0A67-47EB-8FA7-E2DB72F4FF2D}"
EndProject
Global
	GlobalSection(SolutionConfigurationPlatforms) = preSolution
		Debug|Any CPU = Debug|Any CPU
		Release|Any CPU = Release|Any CPU
	EndGlobalSection
	GlobalSection(ProjectConfigurationPlatforms) = postSolution
		{B2F2857A-0A67-47EB-8FA7-E2DB72F4FF2D}.Debug|Any CPU.ActiveCfg = Debug|Any CPU
		{B2F2857A-0A67-47EB-8FA7-E2DB72F4FF2D}.Debug|Any CPU.Build.0 = Debug|Any CPU
		{B2F2857A-0A67-47EB-8FA7-E2DB72F4FF2D}.Release|Any CPU.ActiveCfg = Release|Any CPU
		{B2F2857A-0A67-47EB-8FA7-E2DB72F4FF2D}.Release|Any CPU.Build.0 = Release|Any CPU
	EndGlobalSection
	GlobalSection(SolutionProperties) = preSolution
		HideSolutionNode = FALSE
	EndGlobalSection
	GlobalSection(ExtensibilityGlobals) = postSolution
		SolutionGuid = {B1064150-F231-4370-8DE1-D91E3599CC3E}
	EndGlobalSection
EndGlobal
